{
  "name": "html-check-update",
  "version": "0.1.0",
  "lockfileVersion": 2,
  "requires": true,
  "packages": {
    "": {
      "name": "html-check-update",
      "version": "0.1.0",
      "dependencies": {
        "alertifyjs": "^1.13.1"
      },
      "devDependencies": {
        "@types/alertify": "^0.3.31",
        "typescript": "^4.9.4"
      }
    },
    "node_modules/.pnpm/typescript@4.9.4": {
      "dev": true
    },
    "node_modules/.pnpm/typescript@4.9.4/node_modules/typescript": {
      "version": "4.9.4",
      "dev": true,
      "license": "Apache-2.0",
      "bin": {
        "tsc": "bin/tsc",
        "tsserver": "bin/tsserver"
      },
      "engines": {
        "node": ">=4.2.0"
      }
    },
    "node_modules/@types/alertify": {
      "version": "0.3.31",
      "resolved": "https://registry.npmjs.org/@types/alertify/-/alertify-0.3.31.tgz",
      "integrity": "sha512-xQV077k/3iRdAPP/rrMEb4tzoxaA17ti+fuAWXq/BJu1zFgUBRzY7yVObBn3xiD5Va2ohLFNtBBDjWwJWNBq9Q==",
      "dev": true
    },
    "node_modules/alertifyjs": {
      "version": "1.13.1",
      "resolved": "https://registry.npmjs.org/alertifyjs/-/alertifyjs-1.13.1.tgz",
      "integrity": "sha512-CckZE2dZDsEEXglOXKxT00vUDV5A6udZom+bn1XHdIWlbSFZgYq7UXCBlwkShhIH3Li/1VxLmr55GOQFQ12WSg=="
    },
    "node_modules/typescript": {
      "resolved": "node_modules/.pnpm/typescript@4.9.4/node_modules/typescript",
      "link": true
    }
  },
  "dependencies": {
    "@types/alertify": {
      "version": "0.3.31",
      "resolved": "https://registry.npmjs.org/@types/alertify/-/alertify-0.3.31.tgz",
      "integrity": "sha512-xQV077k/3iRdAPP/rrMEb4tzoxaA17ti+fuAWXq/BJu1zFgUBRzY7yVObBn3xiD5Va2ohLFNtBBDjWwJWNBq9Q==",
      "dev": true
    },
    "alertifyjs": {
      "version": "1.13.1",
      "resolved": "https://registry.npmjs.org/alertifyjs/-/alertifyjs-1.13.1.tgz",
      "integrity": "sha512-CckZE2dZDsEEXglOXKxT00vUDV5A6udZom+bn1XHdIWlbSFZgYq7UXCBlwkShhIH3Li/1VxLmr55GOQFQ12WSg=="
    },
    "typescript": {
      "version": "file:node_modules/.pnpm/typescript@4.9.4/node_modules/typescript"
    }
  }
}
